
Microsoft Visual Studio Solution File, Format Version 12.00
# Visual Studio Version 17
VisualStudioVersion = 17.14.36212.18 d17.14
MinimumVisualStudioVersion = 10.0.40219.1
Project("{C9674DCB-5085-4A16-B785-4C70DD1589BD}") = "DWTailspinToy", "DWTailspinToy.dtproj", "{107887C9-18CE-97CA-9E94-8151741F185F}"
EndProject
Global
	GlobalSection(SolutionConfigurationPlatforms) = preSolution
		Development|Default = Development|Default
	EndGlobalSection
	GlobalSection(ProjectConfigurationPlatforms) = postSolution
		{107887C9-18CE-97CA-9E94-8151741F185F}.Development|Default.ActiveCfg = Development
		{107887C9-18CE-97CA-9E94-8151741F185F}.Development|Default.Build.0 = Development
	EndGlobalSection
	GlobalSection(SolutionProperties) = preSolution
		HideSolutionNode = FALSE
	EndGlobalSection
	GlobalSection(ExtensibilityGlobals) = postSolution
		SolutionGuid = {C433FF38-CFCC-43DA-A6E3-AF5986FA4C44}
	EndGlobalSection
EndGlobal
